
Microsoft Visual Studio Solution File, Format Version 12.00
# Visual Studio Version 17
VisualStudioVersion = 17.8.34309.116
MinimumVisualStudioVersion = 10.0.40219.1
Project("{2150E333-8FDC-42A3-9474-1A3956D46DE8}") = "src", "src", "{26B78C35-38B4-45FA-9DB5-1701E6276EC8}"
EndProject
Project("{2150E333-8FDC-42A3-9474-1A3956D46DE8}") = "test", "test", "{6A08E457-22BD-4507-AE90-0750350C4C28}"
EndProject
Project("{9A19103F-16F7-4668-BE54-9A1E7A4F7556}") = "WebAPI", "src\WebAPI\WebAPI.csproj", "{B5ED0B8A-C586-45EA-A659-24D7247966F3}"
EndProject
Project("{2150E333-8FDC-42A3-9474-1A3956D46DE8}") = "0. Domain", "0. Domain", "{964ACF7A-011A-43AF-947D-ACA7C0600EA0}"
EndProject
Project("{2150E333-8FDC-42A3-9474-1A3956D46DE8}") = "1. Application", "1. Application", "{181397F0-C68F-409A-9BCC-990E28A1A2A5}"
EndProject
Project("{2150E333-8FDC-42A3-9474-1A3956D46DE8}") = "2. Infrastructure", "2. Infrastructure", "{7901E473-F21B-4640-A8A4-3E05F456BCC5}"
EndProject
Project("{2150E333-8FDC-42A3-9474-1A3956D46DE8}") = "4. Presentation", "4. Presentation", "{247A7F50-1C6A-4F2C-945D-1069FAD3BAA2}"
EndProject
Project("{9A19103F-16F7-4668-BE54-9A1E7A4F7556}") = "Domain", "src\Domain\Domain.csproj", "{BBF29FBE-A899-402D-8F35-7A1858C5E7D7}"
EndProject
Project("{9A19103F-16F7-4668-BE54-9A1E7A4F7556}") = "Application", "src\Application\Application.csproj", "{D1A036B4-B576-4308-8F68-6408D567D21E}"
EndProject
Project("{9A19103F-16F7-4668-BE54-9A1E7A4F7556}") = "Infrastructure", "src\Infrastructure\Infrastructure.csproj", "{F4F6AA4D-D1AE-4C02-8C9F-40BF06471F8C}"
EndProject
Project("{9A19103F-16F7-4668-BE54-9A1E7A4F7556}") = "Presentation", "src\Presentation\Presentation.csproj", "{69930AEA-6E23-4AA3-BE1F-21C43430C91B}"
EndProject
Project("{9A19103F-16F7-4668-BE54-9A1E7A4F7556}") = "Architecture.Tests", "test\Architecture.Tests\Architecture.Tests.csproj", "{C5FD2CF5-8CF6-4982-B8F6-2B7DD72DD86A}"
EndProject
Project("{2150E333-8FDC-42A3-9474-1A3956D46DE8}") = "Solution Items", "Solution Items", "{11B775AA-16C8-4870-AD6F-4CD43CFBCCF7}"
	ProjectSection(SolutionItems) = preProject
		.gitignore = .gitignore
		app.env = app.env
		.github\workflows\Build-and-analyze.yml = .github\workflows\Build-and-analyze.yml
		.github\workflows\build-and-test.yml = .github\workflows\build-and-test.yml
		db.env = db.env
		docker-compose.yml = docker-compose.yml
		LICENSE = LICENSE
	EndProjectSection
EndProject
Project("{2150E333-8FDC-42A3-9474-1A3956D46DE8}") = "dbinit", "dbinit", "{C6C54748-C353-4EF1-998F-B319E6A902AE}"
	ProjectSection(SolutionItems) = preProject
		01-init-db.sql = 01-init-db.sql
		02-db-functions.sql = 02-db-functions.sql
	EndProjectSection
EndProject
Project("{9A19103F-16F7-4668-BE54-9A1E7A4F7556}") = "Application.UnitTests", "test\Application.UnitTests\Application.UnitTests.csproj", "{068BD25B-DEAF-4121-9E1B-419899828BFA}"
EndProject
Project("{9A19103F-16F7-4668-BE54-9A1E7A4F7556}") = "WebAPI.IntegrationTests", "test\WebAPI.IntegrationTests\WebAPI.IntegrationTests.csproj", "{1CFEF768-B6BD-4E8F-BD91-FFE3EC63D1B0}"
EndProject
Project("{2150E333-8FDC-42A3-9474-1A3956D46DE8}") = "Unit", "Unit", "{DFA79CB0-8D17-40B7-B4FF-418555FB54B2}"
EndProject
Project("{2150E333-8FDC-42A3-9474-1A3956D46DE8}") = "Architecture", "Architecture", "{4C0F841E-4594-413C-8896-6047D62E3435}"
EndProject
Project("{2150E333-8FDC-42A3-9474-1A3956D46DE8}") = "Integration", "Integration", "{4864184D-D12F-4E53-B8D6-22E068CCA1E4}"
EndProject
Project("{9A19103F-16F7-4668-BE54-9A1E7A4F7556}") = "Tests.Common", "test\Tests.Common\Tests.Common.csproj", "{B5369C11-C54C-425D-B97E-F0DF3772DA4E}"
EndProject
Project("{FAE04EC0-301F-11D3-BF4B-00C04F79EFBC}") = "Infrastructure.IntegrationTests", "test\Infrastructure.IntegrationTests\Infrastructure.IntegrationTests.csproj", "{A07B6F74-3E31-4D2D-82C1-E639C5F6620F}"
EndProject
Project("{9A19103F-16F7-4668-BE54-9A1E7A4F7556}") = "Presentation.UnitTests", "test\Presentation.UnitTests\Presentation.UnitTests.csproj", "{76514557-1CDC-4F0C-920C-B8707B0E4837}"
EndProject
Global
	GlobalSection(SolutionConfigurationPlatforms) = preSolution
		Debug|Any CPU = Debug|Any CPU
		Release|Any CPU = Release|Any CPU
	EndGlobalSection
	GlobalSection(ProjectConfigurationPlatforms) = postSolution
		{B5ED0B8A-C586-45EA-A659-24D7247966F3}.Debug|Any CPU.ActiveCfg = Debug|Any CPU
		{B5ED0B8A-C586-45EA-A659-24D7247966F3}.Debug|Any CPU.Build.0 = Debug|Any CPU
		{B5ED0B8A-C586-45EA-A659-24D7247966F3}.Release|Any CPU.ActiveCfg = Release|Any CPU
		{B5ED0B8A-C586-45EA-A659-24D7247966F3}.Release|Any CPU.Build.0 = Release|Any CPU
		{BBF29FBE-A899-402D-8F35-7A1858C5E7D7}.Debug|Any CPU.ActiveCfg = Debug|Any CPU
		{BBF29FBE-A899-402D-8F35-7A1858C5E7D7}.Debug|Any CPU.Build.0 = Debug|Any CPU
		{BBF29FBE-A899-402D-8F35-7A1858C5E7D7}.Release|Any CPU.ActiveCfg = Release|Any CPU
		{BBF29FBE-A899-402D-8F35-7A1858C5E7D7}.Release|Any CPU.Build.0 = Release|Any CPU
		{D1A036B4-B576-4308-8F68-6408D567D21E}.Debug|Any CPU.ActiveCfg = Debug|Any CPU
		{D1A036B4-B576-4308-8F68-6408D567D21E}.Debug|Any CPU.Build.0 = Debug|Any CPU
		{D1A036B4-B576-4308-8F68-6408D567D21E}.Release|Any CPU.ActiveCfg = Release|Any CPU
		{D1A036B4-B576-4308-8F68-6408D567D21E}.Release|Any CPU.Build.0 = Release|Any CPU
		{F4F6AA4D-D1AE-4C02-8C9F-40BF06471F8C}.Debug|Any CPU.ActiveCfg = Debug|Any CPU
		{F4F6AA4D-D1AE-4C02-8C9F-40BF06471F8C}.Debug|Any CPU.Build.0 = Debug|Any CPU
		{F4F6AA4D-D1AE-4C02-8C9F-40BF06471F8C}.Release|Any CPU.ActiveCfg = Release|Any CPU
		{F4F6AA4D-D1AE-4C02-8C9F-40BF06471F8C}.Release|Any CPU.Build.0 = Release|Any CPU
		{69930AEA-6E23-4AA3-BE1F-21C43430C91B}.Debug|Any CPU.ActiveCfg = Debug|Any CPU
		{69930AEA-6E23-4AA3-BE1F-21C43430C91B}.Debug|Any CPU.Build.0 = Debug|Any CPU
		{69930AEA-6E23-4AA3-BE1F-21C43430C91B}.Release|Any CPU.ActiveCfg = Release|Any CPU
		{69930AEA-6E23-4AA3-BE1F-21C43430C91B}.Release|Any CPU.Build.0 = Release|Any CPU
		{C5FD2CF5-8CF6-4982-B8F6-2B7DD72DD86A}.Debug|Any CPU.ActiveCfg = Debug|Any CPU
		{C5FD2CF5-8CF6-4982-B8F6-2B7DD72DD86A}.Debug|Any CPU.Build.0 = Debug|Any CPU
		{C5FD2CF5-8CF6-4982-B8F6-2B7DD72DD86A}.Release|Any CPU.ActiveCfg = Release|Any CPU
		{C5FD2CF5-8CF6-4982-B8F6-2B7DD72DD86A}.Release|Any CPU.Build.0 = Release|Any CPU
		{068BD25B-DEAF-4121-9E1B-419899828BFA}.Debug|Any CPU.ActiveCfg = Debug|Any CPU
		{068BD25B-DEAF-4121-9E1B-419899828BFA}.Debug|Any CPU.Build.0 = Debug|Any CPU
		{068BD25B-DEAF-4121-9E1B-419899828BFA}.Release|Any CPU.ActiveCfg = Release|Any CPU
		{068BD25B-DEAF-4121-9E1B-419899828BFA}.Release|Any CPU.Build.0 = Release|Any CPU
		{1CFEF768-B6BD-4E8F-BD91-FFE3EC63D1B0}.Debug|Any CPU.ActiveCfg = Debug|Any CPU
		{1CFEF768-B6BD-4E8F-BD91-FFE3EC63D1B0}.Debug|Any CPU.Build.0 = Debug|Any CPU
		{1CFEF768-B6BD-4E8F-BD91-FFE3EC63D1B0}.Release|Any CPU.ActiveCfg = Release|Any CPU
		{1CFEF768-B6BD-4E8F-BD91-FFE3EC63D1B0}.Release|Any CPU.Build.0 = Release|Any CPU
		{B5369C11-C54C-425D-B97E-F0DF3772DA4E}.Debug|Any CPU.ActiveCfg = Debug|Any CPU
		{B5369C11-C54C-425D-B97E-F0DF3772DA4E}.Debug|Any CPU.Build.0 = Debug|Any CPU
		{B5369C11-C54C-425D-B97E-F0DF3772DA4E}.Release|Any CPU.ActiveCfg = Release|Any CPU
		{B5369C11-C54C-425D-B97E-F0DF3772DA4E}.Release|Any CPU.Build.0 = Release|Any CPU
		{A07B6F74-3E31-4D2D-82C1-E639C5F6620F}.Debug|Any CPU.ActiveCfg = Debug|Any CPU
		{A07B6F74-3E31-4D2D-82C1-E639C5F6620F}.Debug|Any CPU.Build.0 = Debug|Any CPU
		{A07B6F74-3E31-4D2D-82C1-E639C5F6620F}.Release|Any CPU.ActiveCfg = Release|Any CPU
		{A07B6F74-3E31-4D2D-82C1-E639C5F6620F}.Release|Any CPU.Build.0 = Release|Any CPU
		{76514557-1CDC-4F0C-920C-B8707B0E4837}.Debug|Any CPU.ActiveCfg = Debug|Any CPU
		{76514557-1CDC-4F0C-920C-B8707B0E4837}.Debug|Any CPU.Build.0 = Debug|Any CPU
		{76514557-1CDC-4F0C-920C-B8707B0E4837}.Release|Any CPU.ActiveCfg = Release|Any CPU
		{76514557-1CDC-4F0C-920C-B8707B0E4837}.Release|Any CPU.Build.0 = Release|Any CPU
	EndGlobalSection
	GlobalSection(SolutionProperties) = preSolution
		HideSolutionNode = FALSE
	EndGlobalSection
	GlobalSection(NestedProjects) = preSolution
		{B5ED0B8A-C586-45EA-A659-24D7247966F3} = {26B78C35-38B4-45FA-9DB5-1701E6276EC8}
		{964ACF7A-011A-43AF-947D-ACA7C0600EA0} = {26B78C35-38B4-45FA-9DB5-1701E6276EC8}
		{181397F0-C68F-409A-9BCC-990E28A1A2A5} = {26B78C35-38B4-45FA-9DB5-1701E6276EC8}
		{7901E473-F21B-4640-A8A4-3E05F456BCC5} = {26B78C35-38B4-45FA-9DB5-1701E6276EC8}
		{247A7F50-1C6A-4F2C-945D-1069FAD3BAA2} = {26B78C35-38B4-45FA-9DB5-1701E6276EC8}
		{BBF29FBE-A899-402D-8F35-7A1858C5E7D7} = {964ACF7A-011A-43AF-947D-ACA7C0600EA0}
		{D1A036B4-B576-4308-8F68-6408D567D21E} = {181397F0-C68F-409A-9BCC-990E28A1A2A5}
		{F4F6AA4D-D1AE-4C02-8C9F-40BF06471F8C} = {7901E473-F21B-4640-A8A4-3E05F456BCC5}
		{69930AEA-6E23-4AA3-BE1F-21C43430C91B} = {247A7F50-1C6A-4F2C-945D-1069FAD3BAA2}
		{C5FD2CF5-8CF6-4982-B8F6-2B7DD72DD86A} = {4C0F841E-4594-413C-8896-6047D62E3435}
		{C6C54748-C353-4EF1-998F-B319E6A902AE} = {11B775AA-16C8-4870-AD6F-4CD43CFBCCF7}
		{068BD25B-DEAF-4121-9E1B-419899828BFA} = {DFA79CB0-8D17-40B7-B4FF-418555FB54B2}
		{1CFEF768-B6BD-4E8F-BD91-FFE3EC63D1B0} = {4864184D-D12F-4E53-B8D6-22E068CCA1E4}
		{DFA79CB0-8D17-40B7-B4FF-418555FB54B2} = {6A08E457-22BD-4507-AE90-0750350C4C28}
		{4C0F841E-4594-413C-8896-6047D62E3435} = {6A08E457-22BD-4507-AE90-0750350C4C28}
		{4864184D-D12F-4E53-B8D6-22E068CCA1E4} = {6A08E457-22BD-4507-AE90-0750350C4C28}
		{B5369C11-C54C-425D-B97E-F0DF3772DA4E} = {6A08E457-22BD-4507-AE90-0750350C4C28}
		{A07B6F74-3E31-4D2D-82C1-E639C5F6620F} = {4864184D-D12F-4E53-B8D6-22E068CCA1E4}
		{76514557-1CDC-4F0C-920C-B8707B0E4837} = {DFA79CB0-8D17-40B7-B4FF-418555FB54B2}
	EndGlobalSection
	GlobalSection(ExtensibilityGlobals) = postSolution
		SolutionGuid = {7327AA8A-8400-46D0-BD0C-C1DA6AE27F34}
	EndGlobalSection
EndGlobal
